// !$*UTF8*$!
{
	archiveVersion = 1;
	classes = {
	};
	objectVersion = 50;
	objects = {

/* Begin PBXBuildFile section */
		46059FE221C5150600E046E5 /* AppDelegate.swift in Sources */ = {isa = PBXBuildFile; fileRef = 46059FE121C5150600E046E5 /* AppDelegate.swift */; };
		46059FE421C5150600E046E5 /* LogInViewController.swift in Sources */ = {isa = PBXBuildFile; fileRef = 46059FE321C5150600E046E5 /* LogInViewController.swift */; };
		46059FE721C5150600E046E5 /* Main.storyboard in Resources */ = {isa = PBXBuildFile; fileRef = 46059FE521C5150600E046E5 /* Main.storyboard */; };
		46059FEC21C5150700E046E5 /* LaunchScreen.storyboard in Resources */ = {isa = PBXBuildFile; fileRef = 46059FEA21C5150700E046E5 /* LaunchScreen.storyboard */; };
		4610582E21D4940700D0A2D9 /* AddLocationViewController.swift in Sources */ = {isa = PBXBuildFile; fileRef = 4610582D21D4940700D0A2D9 /* AddLocationViewController.swift */; };
		462BF22D21D7215100F0164B /* Uuser.swift in Sources */ = {isa = PBXBuildFile; fileRef = 462BF22C21D7215100F0164B /* Uuser.swift */; };
		462F348D21DA92330009FBA7 /* ParsingDataConstent.swift in Sources */ = {isa = PBXBuildFile; fileRef = 462F348C21DA92330009FBA7 /* ParsingDataConstent.swift */; };
		462F348F21DA95350009FBA7 /* ParsingDataMethods.swift in Sources */ = {isa = PBXBuildFile; fileRef = 462F348E21DA95350009FBA7 /* ParsingDataMethods.swift */; };
		4691980521D345DA008D6B87 /* StudentInformation.swift in Sources */ = {isa = PBXBuildFile; fileRef = 4691980421D345DA008D6B87 /* StudentInformation.swift */; };
		46B768AB21D09A6F00E6E5FD /* ParsingData.swift in Sources */ = {isa = PBXBuildFile; fileRef = 46B768AA21D09A6F00E6E5FD /* ParsingData.swift */; };
		46B768AD21D0C28B00E6E5FD /* Assets.xcassets in Resources */ = {isa = PBXBuildFile; fileRef = 46B768AC21D0C28B00E6E5FD /* Assets.xcassets */; };
		46B768B121D0CF7B00E6E5FD /* MapViewController.swift in Sources */ = {isa = PBXBuildFile; fileRef = 46B768B021D0CF7B00E6E5FD /* MapViewController.swift */; };
		46B768B321D0DE2E00E6E5FD /* TabelViewController.swift in Sources */ = {isa = PBXBuildFile; fileRef = 46B768B221D0DE2E00E6E5FD /* TabelViewController.swift */; };
		46E3ABD421E0881D0068AFC9 /* TheUserLocationViewController.swift in Sources */ = {isa = PBXBuildFile; fileRef = 46E3ABD321E0881D0068AFC9 /* TheUserLocationViewController.swift */; };
/* End PBXBuildFile section */

/* Begin PBXFileReference section */
		46059FDE21C5150600E046E5 /* OnTheMap.app */ = {isa = PBXFileReference; explicitFileType = wrapper.application; includeInIndex = 0; path = OnTheMap.app; sourceTree = BUILT_PRODUCTS_DIR; };
		46059FE121C5150600E046E5 /* AppDelegate.swift */ = {isa = PBXFileReference; lastKnownFileType = sourcecode.swift; path = AppDelegate.swift; sourceTree = "<group>"; };
		46059FE321C5150600E046E5 /* LogInViewController.swift */ = {isa = PBXFileReference; lastKnownFileType = sourcecode.swift; path = LogInViewController.swift; sourceTree = "<group>"; };
		46059FE621C5150600E046E5 /* Base */ = {isa = PBXFileReference; lastKnownFileType = file.storyboard; name = Base; path = Base.lproj/Main.storyboard; sourceTree = "<group>"; };
		46059FEB21C5150700E046E5 /* Base */ = {isa = PBXFileReference; lastKnownFileType = file.storyboard; name = Base; path = Base.lproj/LaunchScreen.storyboard; sourceTree = "<group>"; };
		46059FED21C5150700E046E5 /* Info.plist */ = {isa = PBXFileReference; lastKnownFileType = text.plist.xml; path = Info.plist; sourceTree = "<group>"; };
		4610582D21D4940700D0A2D9 /* AddLocationViewController.swift */ = {isa = PBXFileReference; lastKnownFileType = sourcecode.swift; path = AddLocationViewController.swift; sourceTree = "<group>"; };
		462BF22C21D7215100F0164B /* Uuser.swift */ = {isa = PBXFileReference; lastKnownFileType = sourcecode.swift; path = Uuser.swift; sourceTree = "<group>"; };
		462F348C21DA92330009FBA7 /* ParsingDataConstent.swift */ = {isa = PBXFileReference; lastKnownFileType = sourcecode.swift; path = ParsingDataConstent.swift; sourceTree = "<group>"; };
		462F348E21DA95350009FBA7 /* ParsingDataMethods.swift */ = {isa = PBXFileReference; lastKnownFileType = sourcecode.swift; path = ParsingDataMethods.swift; sourceTree = "<group>"; };
		4691980421D345DA008D6B87 /* StudentInformation.swift */ = {isa = PBXFileReference; lastKnownFileType = sourcecode.swift; path = StudentInformation.swift; sourceTree = "<group>"; };
		46B768AA21D09A6F00E6E5FD /* ParsingData.swift */ = {isa = PBXFileReference; lastKnownFileType = sourcecode.swift; path = ParsingData.swift; sourceTree = "<group>"; };
		46B768AC21D0C28B00E6E5FD /* Assets.xcassets */ = {isa = PBXFileReference; lastKnownFileType = folder.assetcatalog; path = Assets.xcassets; sourceTree = "<group>"; };
		46B768B021D0CF7B00E6E5FD /* MapViewController.swift */ = {isa = PBXFileReference; lastKnownFileType = sourcecode.swift; path = MapViewController.swift; sourceTree = "<group>"; };
		46B768B221D0DE2E00E6E5FD /* TabelViewController.swift */ = {isa = PBXFileReference; lastKnownFileType = sourcecode.swift; path = TabelViewController.swift; sourceTree = "<group>"; };
		46E3ABD321E0881D0068AFC9 /* TheUserLocationViewController.swift */ = {isa = PBXFileReference; lastKnownFileType = sourcecode.swift; path = TheUserLocationViewController.swift; sourceTree = "<group>"; };
/* End PBXFileReference section */

/* Begin PBXFrameworksBuildPhase section */
		46059FDB21C5150600E046E5 /* Frameworks */ = {
			isa = PBXFrameworksBuildPhase;
			buildActionMask = 2147483647;
			files = (
			);
			runOnlyForDeploymentPostprocessing = 0;
		};
/* End PBXFrameworksBuildPhase section */

/* Begin PBXGroup section */
		46059FD521C5150600E046E5 = {
			isa = PBXGroup;
			children = (
				46059FE021C5150600E046E5 /* OnTheMap */,
				46059FDF21C5150600E046E5 /* Products */,
			);
			sourceTree = "<group>";
		};
		46059FDF21C5150600E046E5 /* Products */ = {
			isa = PBXGroup;
			children = (
				46059FDE21C5150600E046E5 /* OnTheMap.app */,
			);
			name = Products;
			sourceTree = "<group>";
		};
		46059FE021C5150600E046E5 /* OnTheMap */ = {
			isa = PBXGroup;
			children = (
				4691980321D345BB008D6B87 /* Model */,
				46059FE121C5150600E046E5 /* AppDelegate.swift */,
				46059FE521C5150600E046E5 /* Main.storyboard */,
				46059FEA21C5150700E046E5 /* LaunchScreen.storyboard */,
				46059FED21C5150700E046E5 /* Info.plist */,
				46B768AC21D0C28B00E6E5FD /* Assets.xcassets */,
			);
			path = OnTheMap;
			sourceTree = "<group>";
		};
		462F348B21DA8B550009FBA7 /* ParsingData */ = {
			isa = PBXGroup;
			children = (
				46B768AA21D09A6F00E6E5FD /* ParsingData.swift */,
				462F348C21DA92330009FBA7 /* ParsingDataConstent.swift */,
				462F348E21DA95350009FBA7 /* ParsingDataMethods.swift */,
				46B768AE21D0CE4500E6E5FD /* View Controllers */,
			);
			path = ParsingData;
			sourceTree = "<group>";
		};
		4691980321D345BB008D6B87 /* Model */ = {
			isa = PBXGroup;
			children = (
				4691980421D345DA008D6B87 /* StudentInformation.swift */,
				462BF22C21D7215100F0164B /* Uuser.swift */,
				462F348B21DA8B550009FBA7 /* ParsingData */,
			);
			path = Model;
			sourceTree = "<group>";
		};
		46B768AE21D0CE4500E6E5FD /* View Controllers */ = {
			isa = PBXGroup;
			children = (
				46059FE321C5150600E046E5 /* LogInViewController.swift */,
				46B768B021D0CF7B00E6E5FD /* MapViewController.swift */,
				46B768B221D0DE2E00E6E5FD /* TabelViewController.swift */,
				4610582D21D4940700D0A2D9 /* AddLocationViewController.swift */,
				46E3ABD321E0881D0068AFC9 /* TheUserLocationViewController.swift */,
			);
			path = "View Controllers";
			sourceTree = "<group>";
		};
/* End PBXGroup section */

/* Begin PBXNativeTarget section */
		46059FDD21C5150600E046E5 /* OnTheMap */ = {
			isa = PBXNativeTarget;
			buildConfigurationList = 46059FF021C5150700E046E5 /* Build configuration list for PBXNativeTarget "OnTheMap" */;
			buildPhases = (
				46059FDA21C5150600E046E5 /* Sources */,
				46059FDB21C5150600E046E5 /* Frameworks */,
				46059FDC21C5150600E046E5 /* Resources */,
			);
			buildRules = (
			);
			dependencies = (
			);
			name = OnTheMap;
			productName = OnTheMap;
			productReference = 46059FDE21C5150600E046E5 /* OnTheMap.app */;
			productType = "com.apple.product-type.application";
		};
/* End PBXNativeTarget section */

/* Begin PBXProject section */
		46059FD621C5150600E046E5 /* Project object */ = {
			isa = PBXProject;
			attributes = {
				LastSwiftUpdateCheck = 1010;
				LastUpgradeCheck = 1010;
				ORGANIZATIONNAME = "Amjad khaled";
				TargetAttributes = {
					46059FDD21C5150600E046E5 = {
						CreatedOnToolsVersion = 10.1;
					};
				};
			};
			buildConfigurationList = 46059FD921C5150600E046E5 /* Build configuration list for PBXProject "OnTheMap" */;
			compatibilityVersion = "Xcode 9.3";
			developmentRegion = en;
			hasScannedForEncodings = 0;
			knownRegions = (
				en,
				Base,
			);
			mainGroup = 46059FD521C5150600E046E5;
			productRefGroup = 46059FDF21C5150600E046E5 /* Products */;
			projectDirPath = "";
			projectRoot = "";
			targets = (
				46059FDD21C5150600E046E5 /* OnTheMap */,
			);
		};
/* End PBXProject section */

/* Begin PBXResourcesBuildPhase section */
		46059FDC21C5150600E046E5 /* Resources */ = {
			isa = PBXResourcesBuildPhase;
			buildActionMask = 2147483647;
			files = (
				46059FEC21C5150700E046E5 /* LaunchScreen.storyboard in Resources */,
				46B768AD21D0C28B00E6E5FD /* Assets.xcassets in Resources */,
				46059FE721C5150600E046E5 /* Main.storyboard in Resources */,
			);
			runOnlyForDeploymentPostprocessing = 0;
		};
/* End PBXResourcesBuildPhase section */

/* Begin PBXSourcesBuildPhase section */
		46059FDA21C5150600E046E5 /* Sources */ = {
			isa = PBXSourcesBuildPhase;
			buildActionMask = 2147483647;
			files = (
				4691980521D345DA008D6B87 /* StudentInformation.swift in Sources */,
				462F348F21DA95350009FBA7 /* ParsingDataMethods.swift in Sources */,
				46B768AB21D09A6F00E6E5FD /* ParsingData.swift in Sources */,
				46059FE421C5150600E046E5 /* LogInViewController.swift in Sources */,
				4610582E21D4940700D0A2D9 /* AddLocationViewController.swift in Sources */,
				462F348D21DA92330009FBA7 /* ParsingDataConstent.swift in Sources */,
				46059FE221C5150600E046E5 /* AppDelegate.swift in Sources */,
				46B768B121D0CF7B00E6E5FD /* MapViewController.swift in Sources */,
				46B768B321D0DE2E00E6E5FD /* TabelViewController.swift in Sources */,
				462BF22D21D7215100F0164B /* Uuser.swift in Sources */,
				46E3ABD421E0881D0068AFC9 /* TheUserLocationViewController.swift in Sources */,
			);
			runOnlyForDeploymentPostprocessing = 0;
		};
/* End PBXSourcesBuildPhase section */

/* Begin PBXVariantGroup section */
		46059FE521C5150600E046E5 /* Main.storyboard */ = {
			isa = PBXVariantGroup;
			children = (
				46059FE621C5150600E046E5 /* Base */,
			);
			name = Main.storyboard;
			sourceTree = "<group>";
		};
		46059FEA21C5150700E046E5 /* LaunchScreen.storyboard */ = {
			isa = PBXVariantGroup;
			children = (
				46059FEB21C5150700E046E5 /* Base */,
			);
			name = LaunchScreen.storyboard;
			sourceTree = "<group>";
		};
/* End PBXVariantGroup section */

/* Begin XCBuildConfiguration section */
		46059FEE21C5150700E046E5 /* Debug */ = {
			isa = XCBuildConfiguration;
			buildSettings = {
				ALWAYS_SEARCH_USER_PATHS = NO;
				CLANG_ANALYZER_NONNULL = YES;
				CLANG_ANALYZER_NUMBER_OBJECT_CONVERSION = YES_AGGRESSIVE;
				CLANG_CXX_LANGUAGE_STANDARD = "gnu++14";
				CLANG_CXX_LIBRARY = "libc++";
				CLANG_ENABLE_MODULES = YES;
				CLANG_ENABLE_OBJC_ARC = YES;
				CLANG_ENABLE_OBJC_WEAK = YES;
				CLANG_WARN_BLOCK_CAPTURE_AUTORELEASING = YES;
				CLANG_WARN_BOOL_CONVERSION = YES;
				CLANG_WARN_COMMA = YES;
				CLANG_WARN_CONSTANT_CONVERSION = YES;
				CLANG_WARN_DEPRECATED_OBJC_IMPLEMENTATIONS = YES;
				CLANG_WARN_DIRECT_OBJC_ISA_USAGE = YES_ERROR;
				CLANG_WARN_DOCUMENTATION_COMMENTS = YES;
				CLANG_WARN_EMPTY_BODY = YES;
				CLANG_WARN_ENUM_CONVERSION = YES;
				CLANG_WARN_INFINITE_RECURSION = YES;
				CLANG_WARN_INT_CONVERSION = YES;
				CLANG_WARN_NON_LITERAL_NULL_CONVERSION = YES;
				CLANG_WARN_OBJC_IMPLICIT_RETAIN_SELF = YES;
				CLANG_WARN_OBJC_LITERAL_CONVERSION = YES;
				CLANG_WARN_OBJC_ROOT_CLASS = YES_ERROR;
				CLANG_WARN_RANGE_LOOP_ANALYSIS = YES;
				CLANG_WARN_STRICT_PROTOTYPES = YES;
				CLANG_WARN_SUSPICIOUS_MOVE = YES;
				CLANG_WARN_UNGUARDED_AVAILABILITY = YES_AGGRESSIVE;
				CLANG_WARN_UNREACHABLE_CODE = YES;
				CLANG_WARN__DUPLICATE_METHOD_MATCH = YES;
				CODE_SIGN_IDENTITY = "iPhone Developer";
				COPY_PHASE_STRIP = NO;
				DEBUG_INFORMATION_FORMAT = dwarf;
				ENABLE_STRICT_OBJC_MSGSEND = YES;
				ENABLE_TESTABILITY = YES;
				GCC_C_LANGUAGE_STANDARD = gnu11;
				GCC_DYNAMIC_NO_PIC = NO;
				GCC_NO_COMMON_BLOCKS = YES;
				GCC_OPTIMIZATION_LEVEL = 0;
				GCC_PREPROCESSOR_DEFINITIONS = (
					"DEBUG=1",
					"$(inherited)",
				);
				GCC_WARN_64_TO_32_BIT_CONVERSION = YES;
				GCC_WARN_ABOUT_RETURN_TYPE = YES_ERROR;
				GCC_WARN_UNDECLARED_SELECTOR = YES;
				GCC_WARN_UNINITIALIZED_AUTOS = YES_AGGRESSIVE;
				GCC_WARN_UNUSED_FUNCTION = YES;
				GCC_WARN_UNUSED_VARIABLE = YES;
				IPHONEOS_DEPLOYMENT_TARGET = 12.1;
				MTL_ENABLE_DEBUG_INFO = INCLUDE_SOURCE;
				MTL_FAST_MATH = YES;
				ONLY_ACTIVE_ARCH = YES;
				SDKROOT = iphoneos;
				SWIFT_ACTIVE_COMPILATION_CONDITIONS = DEBUG;
				SWIFT_OPTIMIZATION_LEVEL = "-Onone";
			};
			name = Debug;
		};
		46059FEF21C5150700E046E5 /* Release */ = {
			isa = XCBuildConfiguration;
			buildSettings = {
				ALWAYS_SEARCH_USER_PATHS = NO;
				CLANG_ANALYZER_NONNULL = YES;
				CLANG_ANALYZER_NUMBER_OBJECT_CONVERSION = YES_AGGRESSIVE;
				CLANG_CXX_LANGUAGE_STANDARD = "gnu++14";
				CLANG_CXX_LIBRARY = "libc++";
				CLANG_ENABLE_MODULES = YES;
				CLANG_ENABLE_OBJC_ARC = YES;
				CLANG_ENABLE_OBJC_WEAK = YES;
				CLANG_WARN_BLOCK_CAPTURE_AUTORELEASING = YES;
				CLANG_WARN_BOOL_CONVERSION = YES;
				CLANG_WARN_COMMA = YES;
				CLANG_WARN_CONSTANT_CONVERSION = YES;
				CLANG_WARN_DEPRECATED_OBJC_IMPLEMENTATIONS = YES;
				CLANG_WARN_DIRECT_OBJC_ISA_USAGE = YES_ERROR;
				CLANG_WARN_DOCUMENTATION_COMMENTS = YES;
				CLANG_WARN_EMPTY_BODY = YES;
				CLANG_WARN_ENUM_CONVERSION = YES;
				CLANG_WARN_INFINITE_RECURSION = YES;
				CLANG_WARN_INT_CONVERSION = YES;
				CLANG_WARN_NON_LITERAL_NULL_CONVERSION = YES;
				CLANG_WARN_OBJC_IMPLICIT_RETAIN_SELF = YES;
				CLANG_WARN_OBJC_LITERAL_CONVERSION = YES;
				CLANG_WARN_OBJC_ROOT_CLASS = YES_ERROR;
				CLANG_WARN_RANGE_LOOP_ANALYSIS = YES;
				CLANG_WARN_STRICT_PROTOTYPES = YES;
				CLANG_WARN_SUSPICIOUS_MOVE = YES;
				CLANG_WARN_UNGUARDED_AVAILABILITY = YES_AGGRESSIVE;
				CLANG_WARN_UNREACHABLE_CODE = YES;
				CLANG_WARN__DUPLICATE_METHOD_MATCH = YES;
				CODE_SIGN_IDENTITY = "iPhone Developer";
				COPY_PHASE_STRIP = NO;
				DEBUG_INFORMATION_FORMAT = "dwarf-with-dsym";
				ENABLE_NS_ASSERTIONS = NO;
				ENABLE_STRICT_OBJC_MSGSEND = YES;
				GCC_C_LANGUAGE_STANDARD = gnu11;
				GCC_NO_COMMON_BLOCKS = YES;
				GCC_WARN_64_TO_32_BIT_CONVERSION = YES;
				GCC_WARN_ABOUT_RETURN_TYPE = YES_ERROR;
				GCC_WARN_UNDECLARED_SELECTOR = YES;
				GCC_WARN_UNINITIALIZED_AUTOS = YES_AGGRESSIVE;
				GCC_WARN_UNUSED_FUNCTION = YES;
				GCC_WARN_UNUSED_VARIABLE = YES;
				IPHONEOS_DEPLOYMENT_TARGET = 12.1;
				MTL_ENABLE_DEBUG_INFO = NO;
				MTL_FAST_MATH = YES;
				SDKROOT = iphoneos;
				SWIFT_COMPILATION_MODE = wholemodule;
				SWIFT_OPTIMIZATION_LEVEL = "-O";
				VALIDATE_PRODUCT = YES;
			};
			name = Release;
		};
		46059FF121C5150700E046E5 /* Debug */ = {
			isa = XCBuildConfiguration;
			buildSettings = {
				ASSETCATALOG_COMPILER_APPICON_NAME = AppIcon;
				CODE_SIGN_STYLE = Automatic;
				INFOPLIST_FILE = OnTheMap/Info.plist;
				LD_RUNPATH_SEARCH_PATHS = (
					"$(inherited)",
					"@executable_path/Frameworks",
				);
				PRODUCT_BUNDLE_IDENTIFIER = Amjad.OnTheMap;
				PRODUCT_NAME = "$(TARGET_NAME)";
				SWIFT_VERSION = 4.2;
				TARGETED_DEVICE_FAMILY = "1,2";
			};
			name = Debug;
		};
		46059FF221C5150700E046E5 /* Release */ = {
			isa = XCBuildConfiguration;
			buildSettings = {
				ASSETCATALOG_COMPILER_APPICON_NAME = AppIcon;
				CODE_SIGN_STYLE = Automatic;
				INFOPLIST_FILE = OnTheMap/Info.plist;
				LD_RUNPATH_SEARCH_PATHS = (
					"$(inherited)",
					"@executable_path/Frameworks",
				);
				PRODUCT_BUNDLE_IDENTIFIER = Amjad.OnTheMap;
				PRODUCT_NAME = "$(TARGET_NAME)";
				SWIFT_VERSION = 4.2;
				TARGETED_DEVICE_FAMILY = "1,2";
			};
			name = Release;
		};
/* End XCBuildConfiguration section */

/* Begin XCConfigurationList section */
		46059FD921C5150600E046E5 /* Build configuration list for PBXProject "OnTheMap" */ = {
			isa = XCConfigurationList;
			buildConfigurations = (
				46059FEE21C5150700E046E5 /* Debug */,
				46059FEF21C5150700E046E5 /* Release */,
			);
			defaultConfigurationIsVisible = 0;
			defaultConfigurationName = Release;
		};
		46059FF021C5150700E046E5 /* Build configuration list for PBXNativeTarget "OnTheMap" */ = {
			isa = XCConfigurationList;
			buildConfigurations = (
				46059FF121C5150700E046E5 /* Debug */,
				46059FF221C5150700E046E5 /* Release */,
			);
			defaultConfigurationIsVisible = 0;
			defaultConfigurationName = Release;
		};
/* End XCConfigurationList section */
	};
	rootObject = 46059FD621C5150600E046E5 /* Project object */;
}
